// !$*UTF8*$!
{
	archiveVersion = 1;
	classes = {
	};
	objectVersion = 56;
	objects = {

/* Begin PBXBuildFile section */
		04A747682B9069E100182C5F /* BeatsApp.swift in Sources */ = {isa = PBXBuildFile; fileRef = 04A747672B9069E100182C5F /* BeatsApp.swift */; };
		04A7476A2B9069E100182C5F /* ContentView.swift in Sources */ = {isa = PBXBuildFile; fileRef = 04A747692B9069E100182C5F /* ContentView.swift */; };
		04A7476C2B9069E400182C5F /* Assets.xcassets in Resources */ = {isa = PBXBuildFile; fileRef = 04A7476B2B9069E400182C5F /* Assets.xcassets */; };
		04A7476F2B9069E400182C5F /* Preview Assets.xcassets in Resources */ = {isa = PBXBuildFile; fileRef = 04A7476E2B9069E400182C5F /* Preview Assets.xcassets */; };
		04A747792B9069E400182C5F /* BeatsTests.swift in Sources */ = {isa = PBXBuildFile; fileRef = 04A747782B9069E400182C5F /* BeatsTests.swift */; };
		04A747832B9069E400182C5F /* BeatsUITests.swift in Sources */ = {isa = PBXBuildFile; fileRef = 04A747822B9069E400182C5F /* BeatsUITests.swift */; };
		04A747852B9069E400182C5F /* BeatsUITestsLaunchTests.swift in Sources */ = {isa = PBXBuildFile; fileRef = 04A747842B9069E400182C5F /* BeatsUITestsLaunchTests.swift */; };
/* End PBXBuildFile section */

/* Begin PBXContainerItemProxy section */
		04A747752B9069E400182C5F /* PBXContainerItemProxy */ = {
			isa = PBXContainerItemProxy;
			containerPortal = 04A7475C2B9069E100182C5F /* Project object */;
			proxyType = 1;
			remoteGlobalIDString = 04A747632B9069E100182C5F;
			remoteInfo = Beats;
		};
		04A7477F2B9069E400182C5F /* PBXContainerItemProxy */ = {
			isa = PBXContainerItemProxy;
			containerPortal = 04A7475C2B9069E100182C5F /* Project object */;
			proxyType = 1;
			remoteGlobalIDString = 04A747632B9069E100182C5F;
			remoteInfo = Beats;
		};
/* End PBXContainerItemProxy section */

/* Begin PBXFileReference section */
		04A747642B9069E100182C5F /* Beats.app */ = {isa = PBXFileReference; explicitFileType = wrapper.application; includeInIndex = 0; path = Beats.app; sourceTree = BUILT_PRODUCTS_DIR; };
		04A747672B9069E100182C5F /* BeatsApp.swift */ = {isa = PBXFileReference; lastKnownFileType = sourcecode.swift; path = BeatsApp.swift; sourceTree = "<group>"; };
		04A747692B9069E100182C5F /* ContentView.swift */ = {isa = PBXFileReference; lastKnownFileType = sourcecode.swift; path = ContentView.swift; sourceTree = "<group>"; };
		04A7476B2B9069E400182C5F /* Assets.xcassets */ = {isa = PBXFileReference; lastKnownFileType = folder.assetcatalog; path = Assets.xcassets; sourceTree = "<group>"; };
		04A7476E2B9069E400182C5F /* Preview Assets.xcassets */ = {isa = PBXFileReference; lastKnownFileType = folder.assetcatalog; path = "Preview Assets.xcassets"; sourceTree = "<group>"; };
		04A747742B9069E400182C5F /* BeatsTests.xctest */ = {isa = PBXFileReference; explicitFileType = wrapper.cfbundle; includeInIndex = 0; path = BeatsTests.xctest; sourceTree = BUILT_PRODUCTS_DIR; };
		04A747782B9069E400182C5F /* BeatsTests.swift */ = {isa = PBXFileReference; lastKnownFileType = sourcecode.swift; path = BeatsTests.swift; sourceTree = "<group>"; };
		04A7477E2B9069E400182C5F /* BeatsUITests.xctest */ = {isa = PBXFileReference; explicitFileType = wrapper.cfbundle; includeInIndex = 0; path = BeatsUITests.xctest; sourceTree = BUILT_PRODUCTS_DIR; };
		04A747822B9069E400182C5F /* BeatsUITests.swift */ = {isa = PBXFileReference; lastKnownFileType = sourcecode.swift; path = BeatsUITests.swift; sourceTree = "<group>"; };
		04A747842B9069E400182C5F /* BeatsUITestsLaunchTests.swift */ = {isa = PBXFileReference; lastKnownFileType = sourcecode.swift; path = BeatsUITestsLaunchTests.swift; sourceTree = "<group>"; };
/* End PBXFileReference section */

/* Begin PBXFrameworksBuildPhase section */
		04A747612B9069E100182C5F /* Frameworks */ = {
			isa = PBXFrameworksBuildPhase;
			buildActionMask = 2147483647;
			files = (
			);
			runOnlyForDeploymentPostprocessing = 0;
		};
		04A747712B9069E400182C5F /* Frameworks */ = {
			isa = PBXFrameworksBuildPhase;
			buildActionMask = 2147483647;
			files = (
			);
			runOnlyForDeploymentPostprocessing = 0;
		};
		04A7477B2B9069E400182C5F /* Frameworks */ = {
			isa = PBXFrameworksBuildPhase;
			buildActionMask = 2147483647;
			files = (
			);
			runOnlyForDeploymentPostprocessing = 0;
		};
/* End PBXFrameworksBuildPhase section */

/* Begin PBXGroup section */
		04A7475B2B9069E100182C5F = {
			isa = PBXGroup;
			children = (
				04A747662B9069E100182C5F /* Beats */,
				04A747772B9069E400182C5F /* BeatsTests */,
				04A747812B9069E400182C5F /* BeatsUITests */,
				04A747652B9069E100182C5F /* Products */,
			);
			sourceTree = "<group>";
		};
		04A747652B9069E100182C5F /* Products */ = {
			isa = PBXGroup;
			children = (
				04A747642B9069E100182C5F /* Beats.app */,
				04A747742B9069E400182C5F /* BeatsTests.xctest */,
				04A7477E2B9069E400182C5F /* BeatsUITests.xctest */,
			);
			name = Products;
			sourceTree = "<group>";
		};
		04A747662B9069E100182C5F /* Beats */ = {
			isa = PBXGroup;
			children = (
				04A747672B9069E100182C5F /* BeatsApp.swift */,
				04A747692B9069E100182C5F /* ContentView.swift */,
				04A7476B2B9069E400182C5F /* Assets.xcassets */,
				04A7476D2B9069E400182C5F /* Preview Content */,
			);
			path = Beats;
			sourceTree = "<group>";
		};
		04A7476D2B9069E400182C5F /* Preview Content */ = {
			isa = PBXGroup;
			children = (
				04A7476E2B9069E400182C5F /* Preview Assets.xcassets */,
			);
			path = "Preview Content";
			sourceTree = "<group>";
		};
		04A747772B9069E400182C5F /* BeatsTests */ = {
			isa = PBXGroup;
			children = (
				04A747782B9069E400182C5F /* BeatsTests.swift */,
			);
			path = BeatsTests;
			sourceTree = "<group>";
		};
		04A747812B9069E400182C5F /* BeatsUITests */ = {
			isa = PBXGroup;
			children = (
				04A747822B9069E400182C5F /* BeatsUITests.swift */,
				04A747842B9069E400182C5F /* BeatsUITestsLaunchTests.swift */,
			);
			path = BeatsUITests;
			sourceTree = "<group>";
		};
/* End PBXGroup section */

/* Begin PBXNativeTarget section */
		04A747632B9069E100182C5F /* Beats */ = {
			isa = PBXNativeTarget;
			buildConfigurationList = 04A747882B9069E400182C5F /* Build configuration list for PBXNativeTarget "Beats" */;
			buildPhases = (
				04A747602B9069E100182C5F /* Sources */,
				04A747612B9069E100182C5F /* Frameworks */,
				04A747622B9069E100182C5F /* Resources */,
			);
			buildRules = (
			);
			dependencies = (
			);
			name = Beats;
			productName = Beats;
			productReference = 04A747642B9069E100182C5F /* Beats.app */;
			productType = "com.apple.product-type.application";
		};
		04A747732B9069E400182C5F /* BeatsTests */ = {
			isa = PBXNativeTarget;
			buildConfigurationList = 04A7478B2B9069E400182C5F /* Build configuration list for PBXNativeTarget "BeatsTests" */;
			buildPhases = (
				04A747702B9069E400182C5F /* Sources */,
				04A747712B9069E400182C5F /* Frameworks */,
				04A747722B9069E400182C5F /* Resources */,
			);
			buildRules = (
			);
			dependencies = (
				04A747762B9069E400182C5F /* PBXTargetDependency */,
			);
			name = BeatsTests;
			productName = BeatsTests;
			productReference = 04A747742B9069E400182C5F /* BeatsTests.xctest */;
			productType = "com.apple.product-type.bundle.unit-test";
		};
		04A7477D2B9069E400182C5F /* BeatsUITests */ = {
			isa = PBXNativeTarget;
			buildConfigurationList = 04A7478E2B9069E400182C5F /* Build configuration list for PBXNativeTarget "BeatsUITests" */;
			buildPhases = (
				04A7477A2B9069E400182C5F /* Sources */,
				04A7477B2B9069E400182C5F /* Frameworks */,
				04A7477C2B9069E400182C5F /* Resources */,
			);
			buildRules = (
			);
			dependencies = (
				04A747802B9069E400182C5F /* PBXTargetDependency */,
			);
			name = BeatsUITests;
			productName = BeatsUITests;
			productReference = 04A7477E2B9069E400182C5F /* BeatsUITests.xctest */;
			productType = "com.apple.product-type.bundle.ui-testing";
		};
/* End PBXNativeTarget section */

/* Begin PBXProject section */
		04A7475C2B9069E100182C5F /* Project object */ = {
			isa = PBXProject;
			attributes = {
				BuildIndependentTargetsInParallel = 1;
				LastSwiftUpdateCheck = 1520;
				LastUpgradeCheck = 1520;
				TargetAttributes = {
					04A747632B9069E100182C5F = {
						CreatedOnToolsVersion = 15.2;
					};
					04A747732B9069E400182C5F = {
						CreatedOnToolsVersion = 15.2;
						TestTargetID = 04A747632B9069E100182C5F;
					};
					04A7477D2B9069E400182C5F = {
						CreatedOnToolsVersion = 15.2;
						TestTargetID = 04A747632B9069E100182C5F;
					};
				};
			};
			buildConfigurationList = 04A7475F2B9069E100182C5F /* Build configuration list for PBXProject "Beats" */;
			compatibilityVersion = "Xcode 14.0";
			developmentRegion = en;
			hasScannedForEncodings = 0;
			knownRegions = (
				en,
				Base,
			);
			mainGroup = 04A7475B2B9069E100182C5F;
			productRefGroup = 04A747652B9069E100182C5F /* Products */;
			projectDirPath = "";
			projectRoot = "";
			targets = (
				04A747632B9069E100182C5F /* Beats */,
				04A747732B9069E400182C5F /* BeatsTests */,
				04A7477D2B9069E400182C5F /* BeatsUITests */,
			);
		};
/* End PBXProject section */

/* Begin PBXResourcesBuildPhase section */
		04A747622B9069E100182C5F /* Resources */ = {
			isa = PBXResourcesBuildPhase;
			buildActionMask = 2147483647;
			files = (
				04A7476F2B9069E400182C5F /* Preview Assets.xcassets in Resources */,
				04A7476C2B9069E400182C5F /* Assets.xcassets in Resources */,
			);
			runOnlyForDeploymentPostprocessing = 0;
		};
		04A747722B9069E400182C5F /* Resources */ = {
			isa = PBXResourcesBuildPhase;
			buildActionMask = 2147483647;
			files = (
			);
			runOnlyForDeploymentPostprocessing = 0;
		};
		04A7477C2B9069E400182C5F /* Resources */ = {
			isa = PBXResourcesBuildPhase;
			buildActionMask = 2147483647;
			files = (
			);
			runOnlyForDeploymentPostprocessing = 0;
		};
/* End PBXResourcesBuildPhase section */

/* Begin PBXSourcesBuildPhase section */
		04A747602B9069E100182C5F /* Sources */ = {
			isa = PBXSourcesBuildPhase;
			buildActionMask = 2147483647;
			files = (
				04A7476A2B9069E100182C5F /* ContentView.swift in Sources */,
				04A747682B9069E100182C5F /* BeatsApp.swift in Sources */,
			);
			runOnlyForDeploymentPostprocessing = 0;
		};
		04A747702B9069E400182C5F /* Sources */ = {
			isa = PBXSourcesBuildPhase;
			buildActionMask = 2147483647;
			files = (
				04A747792B9069E400182C5F /* BeatsTests.swift in Sources */,
			);
			runOnlyForDeploymentPostprocessing = 0;
		};
		04A7477A2B9069E400182C5F /* Sources */ = {
			isa = PBXSourcesBuildPhase;
			buildActionMask = 2147483647;
			files = (
				04A747852B9069E400182C5F /* BeatsUITestsLaunchTests.swift in Sources */,
				04A747832B9069E400182C5F /* BeatsUITests.swift in Sources */,
			);
			runOnlyForDeploymentPostprocessing = 0;
		};
/* End PBXSourcesBuildPhase section */

/* Begin PBXTargetDependency section */
		04A747762B9069E400182C5F /* PBXTargetDependency */ = {
			isa = PBXTargetDependency;
			target = 04A747632B9069E100182C5F /* Beats */;
			targetProxy = 04A747752B9069E400182C5F /* PBXContainerItemProxy */;
		};
		04A747802B9069E400182C5F /* PBXTargetDependency */ = {
			isa = PBXTargetDependency;
			target = 04A747632B9069E100182C5F /* Beats */;
			targetProxy = 04A7477F2B9069E400182C5F /* PBXContainerItemProxy */;
		};
/* End PBXTargetDependency section */

/* Begin XCBuildConfiguration section */
		04A747862B9069E400182C5F /* Debug */ = {
			isa = XCBuildConfiguration;
			buildSettings = {
				ALWAYS_SEARCH_USER_PATHS = NO;
				ASSETCATALOG_COMPILER_GENERATE_SWIFT_ASSET_SYMBOL_EXTENSIONS = YES;
				CLANG_ANALYZER_NONNULL = YES;
				CLANG_ANALYZER_NUMBER_OBJECT_CONVERSION = YES_AGGRESSIVE;
				CLANG_CXX_LANGUAGE_STANDARD = "gnu++20";
				CLANG_ENABLE_MODULES = YES;
				CLANG_ENABLE_OBJC_ARC = YES;
				CLANG_ENABLE_OBJC_WEAK = YES;
				CLANG_WARN_BLOCK_CAPTURE_AUTORELEASING = YES;
				CLANG_WARN_BOOL_CONVERSION = YES;
				CLANG_WARN_COMMA = YES;
				CLANG_WARN_CONSTANT_CONVERSION = YES;
				CLANG_WARN_DEPRECATED_OBJC_IMPLEMENTATIONS = YES;
				CLANG_WARN_DIRECT_OBJC_ISA_USAGE = YES_ERROR;
				CLANG_WARN_DOCUMENTATION_COMMENTS = YES;
				CLANG_WARN_EMPTY_BODY = YES;
				CLANG_WARN_ENUM_CONVERSION = YES;
				CLANG_WARN_INFINITE_RECURSION = YES;
				CLANG_WARN_INT_CONVERSION = YES;
				CLANG_WARN_NON_LITERAL_NULL_CONVERSION = YES;
				CLANG_WARN_OBJC_IMPLICIT_RETAIN_SELF = YES;
				CLANG_WARN_OBJC_LITERAL_CONVERSION = YES;
				CLANG_WARN_OBJC_ROOT_CLASS = YES_ERROR;
				CLANG_WARN_QUOTED_INCLUDE_IN_FRAMEWORK_HEADER = YES;
				CLANG_WARN_RANGE_LOOP_ANALYSIS = YES;
				CLANG_WARN_STRICT_PROTOTYPES = YES;
				CLANG_WARN_SUSPICIOUS_MOVE = YES;
				CLANG_WARN_UNGUARDED_AVAILABILITY = YES_AGGRESSIVE;
				CLANG_WARN_UNREACHABLE_CODE = YES;
				CLANG_WARN__DUPLICATE_METHOD_MATCH = YES;
				COPY_PHASE_STRIP = NO;
				DEBUG_INFORMATION_FORMAT = dwarf;
				ENABLE_STRICT_OBJC_MSGSEND = YES;
				ENABLE_TESTABILITY = YES;
				ENABLE_USER_SCRIPT_SANDBOXING = YES;
				GCC_C_LANGUAGE_STANDARD = gnu17;
				GCC_DYNAMIC_NO_PIC = NO;
				GCC_NO_COMMON_BLOCKS = YES;
				GCC_OPTIMIZATION_LEVEL = 0;
				GCC_PREPROCESSOR_DEFINITIONS = (
					"DEBUG=1",
					"$(inherited)",
				);
				GCC_WARN_64_TO_32_BIT_CONVERSION = YES;
				GCC_WARN_ABOUT_RETURN_TYPE = YES_ERROR;
				GCC_WARN_UNDECLARED_SELECTOR = YES;
				GCC_WARN_UNINITIALIZED_AUTOS = YES_AGGRESSIVE;
				GCC_WARN_UNUSED_FUNCTION = YES;
				GCC_WARN_UNUSED_VARIABLE = YES;
				IPHONEOS_DEPLOYMENT_TARGET = 17.2;
				LOCALIZATION_PREFERS_STRING_CATALOGS = YES;
				MTL_ENABLE_DEBUG_INFO = INCLUDE_SOURCE;
				MTL_FAST_MATH = YES;
				ONLY_ACTIVE_ARCH = YES;
				SDKROOT = iphoneos;
				SWIFT_ACTIVE_COMPILATION_CONDITIONS = "DEBUG $(inherited)";
				SWIFT_OPTIMIZATION_LEVEL = "-Onone";
			};
			name = Debug;
		};
		04A747872B9069E400182C5F /* Release */ = {
			isa = XCBuildConfiguration;
			buildSettings = {
				ALWAYS_SEARCH_USER_PATHS = NO;
				ASSETCATALOG_COMPILER_GENERATE_SWIFT_ASSET_SYMBOL_EXTENSIONS = YES;
				CLANG_ANALYZER_NONNULL = YES;
				CLANG_ANALYZER_NUMBER_OBJECT_CONVERSION = YES_AGGRESSIVE;
				CLANG_CXX_LANGUAGE_STANDARD = "gnu++20";
				CLANG_ENABLE_MODULES = YES;
				CLANG_ENABLE_OBJC_ARC = YES;
				CLANG_ENABLE_OBJC_WEAK = YES;
				CLANG_WARN_BLOCK_CAPTURE_AUTORELEASING = YES;
				CLANG_WARN_BOOL_CONVERSION = YES;
				CLANG_WARN_COMMA = YES;
				CLANG_WARN_CONSTANT_CONVERSION = YES;
				CLANG_WARN_DEPRECATED_OBJC_IMPLEMENTATIONS = YES;
				CLANG_WARN_DIRECT_OBJC_ISA_USAGE = YES_ERROR;
				CLANG_WARN_DOCUMENTATION_COMMENTS = YES;
				CLANG_WARN_EMPTY_BODY = YES;
				CLANG_WARN_ENUM_CONVERSION = YES;
				CLANG_WARN_INFINITE_RECURSION = YES;
				CLANG_WARN_INT_CONVERSION = YES;
				CLANG_WARN_NON_LITERAL_NULL_CONVERSION = YES;
				CLANG_WARN_OBJC_IMPLICIT_RETAIN_SELF = YES;
				CLANG_WARN_OBJC_LITERAL_CONVERSION = YES;
				CLANG_WARN_OBJC_ROOT_CLASS = YES_ERROR;
				CLANG_WARN_QUOTED_INCLUDE_IN_FRAMEWORK_HEADER = YES;
				CLANG_WARN_RANGE_LOOP_ANALYSIS = YES;
				CLANG_WARN_STRICT_PROTOTYPES = YES;
				CLANG_WARN_SUSPICIOUS_MOVE = YES;
				CLANG_WARN_UNGUARDED_AVAILABILITY = YES_AGGRESSIVE;
				CLANG_WARN_UNREACHABLE_CODE = YES;
				CLANG_WARN__DUPLICATE_METHOD_MATCH = YES;
				COPY_PHASE_STRIP = NO;
				DEBUG_INFORMATION_FORMAT = "dwarf-with-dsym";
				ENABLE_NS_ASSERTIONS = NO;
				ENABLE_STRICT_OBJC_MSGSEND = YES;
				ENABLE_USER_SCRIPT_SANDBOXING = YES;
				GCC_C_LANGUAGE_STANDARD = gnu17;
				GCC_NO_COMMON_BLOCKS = YES;
				GCC_WARN_64_TO_32_BIT_CONVERSION = YES;
				GCC_WARN_ABOUT_RETURN_TYPE = YES_ERROR;
				GCC_WARN_UNDECLARED_SELECTOR = YES;
				GCC_WARN_UNINITIALIZED_AUTOS = YES_AGGRESSIVE;
				GCC_WARN_UNUSED_FUNCTION = YES;
				GCC_WARN_UNUSED_VARIABLE = YES;
				IPHONEOS_DEPLOYMENT_TARGET = 17.2;
				LOCALIZATION_PREFERS_STRING_CATALOGS = YES;
				MTL_ENABLE_DEBUG_INFO = NO;
				MTL_FAST_MATH = YES;
				SDKROOT = iphoneos;
				SWIFT_COMPILATION_MODE = wholemodule;
				VALIDATE_PRODUCT = YES;
			};
			name = Release;
		};
		04A747892B9069E400182C5F /* Debug */ = {
			isa = XCBuildConfiguration;
			buildSettings = {
				ASSETCATALOG_COMPILER_APPICON_NAME = AppIcon;
				ASSETCATALOG_COMPILER_GLOBAL_ACCENT_COLOR_NAME = AccentColor;
				CODE_SIGN_STYLE = Automatic;
				CURRENT_PROJECT_VERSION = 1;
				DEVELOPMENT_ASSET_PATHS = "\"Beats/Preview Content\"";
				DEVELOPMENT_TEAM = QUMNMR4BSR;
				ENABLE_PREVIEWS = YES;
				GENERATE_INFOPLIST_FILE = YES;
				INFOPLIST_KEY_UIApplicationSceneManifest_Generation = YES;
				INFOPLIST_KEY_UIApplicationSupportsIndirectInputEvents = YES;
				INFOPLIST_KEY_UILaunchScreen_Generation = YES;
				INFOPLIST_KEY_UISupportedInterfaceOrientations_iPad = "UIInterfaceOrientationPortrait UIInterfaceOrientationPortraitUpsideDown UIInterfaceOrientationLandscapeLeft UIInterfaceOrientationLandscapeRight";
				INFOPLIST_KEY_UISupportedInterfaceOrientations_iPhone = "UIInterfaceOrientationPortrait UIInterfaceOrientationLandscapeLeft UIInterfaceOrientationLandscapeRight";
				LD_RUNPATH_SEARCH_PATHS = (
					"$(inherited)",
					"@executable_path/Frameworks",
				);
				MARKETING_VERSION = 1.0;
				PRODUCT_BUNDLE_IDENTIFIER = com.HereHear.Beats;
				PRODUCT_NAME = "$(TARGET_NAME)";
				SWIFT_EMIT_LOC_STRINGS = YES;
				SWIFT_VERSION = 5.0;
				TARGETED_DEVICE_FAMILY = "1,2";
			};
			name = Debug;
		};
		04A7478A2B9069E400182C5F /* Release */ = {
			isa = XCBuildConfiguration;
			buildSettings = {
				ASSETCATALOG_COMPILER_APPICON_NAME = AppIcon;
				ASSETCATALOG_COMPILER_GLOBAL_ACCENT_COLOR_NAME = AccentColor;
				CODE_SIGN_STYLE = Automatic;
				CURRENT_PROJECT_VERSION = 1;
				DEVELOPMENT_ASSET_PATHS = "\"Beats/Preview Content\"";
				DEVELOPMENT_TEAM = QUMNMR4BSR;
				ENABLE_PREVIEWS = YES;
				GENERATE_INFOPLIST_FILE = YES;
				INFOPLIST_KEY_UIApplicationSceneManifest_Generation = YES;
				INFOPLIST_KEY_UIApplicationSupportsIndirectInputEvents = YES;
				INFOPLIST_KEY_UILaunchScreen_Generation = YES;
				INFOPLIST_KEY_UISupportedInterfaceOrientations_iPad = "UIInterfaceOrientationPortrait UIInterfaceOrientationPortraitUpsideDown UIInterfaceOrientationLandscapeLeft UIInterfaceOrientationLandscapeRight";
				INFOPLIST_KEY_UISupportedInterfaceOrientations_iPhone = "UIInterfaceOrientationPortrait UIInterfaceOrientationLandscapeLeft UIInterfaceOrientationLandscapeRight";
				LD_RUNPATH_SEARCH_PATHS = (
					"$(inherited)",
					"@executable_path/Frameworks",
				);
				MARKETING_VERSION = 1.0;
				PRODUCT_BUNDLE_IDENTIFIER = com.HereHear.Beats;
				PRODUCT_NAME = "$(TARGET_NAME)";
				SWIFT_EMIT_LOC_STRINGS = YES;
				SWIFT_VERSION = 5.0;
				TARGETED_DEVICE_FAMILY = "1,2";
			};
			name = Release;
		};
		04A7478C2B9069E400182C5F /* Debug */ = {
			isa = XCBuildConfiguration;
			buildSettings = {
				ALWAYS_EMBED_SWIFT_STANDARD_LIBRARIES = YES;
				BUNDLE_LOADER = "$(TEST_HOST)";
				CODE_SIGN_STYLE = Automatic;
				CURRENT_PROJECT_VERSION = 1;
				DEVELOPMENT_TEAM = QUMNMR4BSR;
				GENERATE_INFOPLIST_FILE = YES;
				IPHONEOS_DEPLOYMENT_TARGET = 17.2;
				MARKETING_VERSION = 1.0;
				PRODUCT_BUNDLE_IDENTIFIER = com.HereHear.BeatsTests;
				PRODUCT_NAME = "$(TARGET_NAME)";
				SWIFT_EMIT_LOC_STRINGS = NO;
				SWIFT_VERSION = 5.0;
				TARGETED_DEVICE_FAMILY = "1,2";
				TEST_HOST = "$(BUILT_PRODUCTS_DIR)/Beats.app/$(BUNDLE_EXECUTABLE_FOLDER_PATH)/Beats";
			};
			name = Debug;
		};
		04A7478D2B9069E400182C5F /* Release */ = {
			isa = XCBuildConfiguration;
			buildSettings = {
				ALWAYS_EMBED_SWIFT_STANDARD_LIBRARIES = YES;
				BUNDLE_LOADER = "$(TEST_HOST)";
				CODE_SIGN_STYLE = Automatic;
				CURRENT_PROJECT_VERSION = 1;
				DEVELOPMENT_TEAM = QUMNMR4BSR;
				GENERATE_INFOPLIST_FILE = YES;
				IPHONEOS_DEPLOYMENT_TARGET = 17.2;
				MARKETING_VERSION = 1.0;
				PRODUCT_BUNDLE_IDENTIFIER = com.HereHear.BeatsTests;
				PRODUCT_NAME = "$(TARGET_NAME)";
				SWIFT_EMIT_LOC_STRINGS = NO;
				SWIFT_VERSION = 5.0;
				TARGETED_DEVICE_FAMILY = "1,2";
				TEST_HOST = "$(BUILT_PRODUCTS_DIR)/Beats.app/$(BUNDLE_EXECUTABLE_FOLDER_PATH)/Beats";
			};
			name = Release;
		};
		04A7478F2B9069E400182C5F /* Debug */ = {
			isa = XCBuildConfiguration;
			buildSettings = {
				ALWAYS_EMBED_SWIFT_STANDARD_LIBRARIES = YES;
				CODE_SIGN_STYLE = Automatic;
				CURRENT_PROJECT_VERSION = 1;
				DEVELOPMENT_TEAM = QUMNMR4BSR;
				GENERATE_INFOPLIST_FILE = YES;
				MARKETING_VERSION = 1.0;
				PRODUCT_BUNDLE_IDENTIFIER = com.HereHear.BeatsUITests;
				PRODUCT_NAME = "$(TARGET_NAME)";
				SWIFT_EMIT_LOC_STRINGS = NO;
				SWIFT_VERSION = 5.0;
				TARGETED_DEVICE_FAMILY = "1,2";
				TEST_TARGET_NAME = Beats;
			};
			name = Debug;
		};
		04A747902B9069E400182C5F /* Release */ = {
			isa = XCBuildConfiguration;
			buildSettings = {
				ALWAYS_EMBED_SWIFT_STANDARD_LIBRARIES = YES;
				CODE_SIGN_STYLE = Automatic;
				CURRENT_PROJECT_VERSION = 1;
				DEVELOPMENT_TEAM = QUMNMR4BSR;
				GENERATE_INFOPLIST_FILE = YES;
				MARKETING_VERSION = 1.0;
				PRODUCT_BUNDLE_IDENTIFIER = com.HereHear.BeatsUITests;
				PRODUCT_NAME = "$(TARGET_NAME)";
				SWIFT_EMIT_LOC_STRINGS = NO;
				SWIFT_VERSION = 5.0;
				TARGETED_DEVICE_FAMILY = "1,2";
				TEST_TARGET_NAME = Beats;
			};
			name = Release;
		};
/* End XCBuildConfiguration section */

/* Begin XCConfigurationList section */
		04A7475F2B9069E100182C5F /* Build configuration list for PBXProject "Beats" */ = {
			isa = XCConfigurationList;
			buildConfigurations = (
				04A747862B9069E400182C5F /* Debug */,
				04A747872B9069E400182C5F /* Release */,
			);
			defaultConfigurationIsVisible = 0;
			defaultConfigurationName = Release;
		};
		04A747882B9069E400182C5F /* Build configuration list for PBXNativeTarget "Beats" */ = {
			isa = XCConfigurationList;
			buildConfigurations = (
				04A747892B9069E400182C5F /* Debug */,
				04A7478A2B9069E400182C5F /* Release */,
			);
			defaultConfigurationIsVisible = 0;
			defaultConfigurationName = Release;
		};
		04A7478B2B9069E400182C5F /* Build configuration list for PBXNativeTarget "BeatsTests" */ = {
			isa = XCConfigurationList;
			buildConfigurations = (
				04A7478C2B9069E400182C5F /* Debug */,
				04A7478D2B9069E400182C5F /* Release */,
			);
			defaultConfigurationIsVisible = 0;
			defaultConfigurationName = Release;
		};
		04A7478E2B9069E400182C5F /* Build configuration list for PBXNativeTarget "BeatsUITests" */ = {
			isa = XCConfigurationList;
			buildConfigurations = (
				04A7478F2B9069E400182C5F /* Debug */,
				04A747902B9069E400182C5F /* Release */,
			);
			defaultConfigurationIsVisible = 0;
			defaultConfigurationName = Release;
		};
/* End XCConfigurationList section */
	};
	rootObject = 04A7475C2B9069E100182C5F /* Project object */;
}
